
Microsoft Visual Studio Solution File, Format Version 12.00
# Visual Studio Version 17
VisualStudioVersion = 17.2.32630.192
MinimumVisualStudioVersion = 10.0.40219.1
Project("{FAE04EC0-301F-11D3-BF4B-00C04F79EFBC}") = "AdviceGeneratorApp", "AdviceGeneratorApp\AdviceGeneratorApp.csproj", "{FF32CA46-946F-46A5-B93E-16E3C8EA3CB5}"
EndProject
Global
	GlobalSection(SolutionConfigurationPlatforms) = preSolution
		Debug|Any CPU = Debug|Any CPU
		Release|Any CPU = Release|Any CPU
	EndGlobalSection
	GlobalSection(ProjectConfigurationPlatforms) = postSolution
		{FF32CA46-946F-46A5-B93E-16E3C8EA3CB5}.Debug|Any CPU.ActiveCfg = Debug|Any CPU
		{FF32CA46-946F-46A5-B93E-16E3C8EA3CB5}.Debug|Any CPU.Build.0 = Debug|Any CPU
		{FF32CA46-946F-46A5-B93E-16E3C8EA3CB5}.Release|Any CPU.ActiveCfg = Release|Any CPU
		{FF32CA46-946F-46A5-B93E-16E3C8EA3CB5}.Release|Any CPU.Build.0 = Release|Any CPU
	EndGlobalSection
	GlobalSection(SolutionProperties) = preSolution
		HideSolutionNode = FALSE
	EndGlobalSection
	GlobalSection(ExtensibilityGlobals) = postSolution
		SolutionGuid = {178217C8-AFDA-4EA8-B550-1EAF51446EE3}
	EndGlobalSection
EndGlobal
